
Microsoft Visual Studio Solution File, Format Version 12.00
# Visual Studio Version 16
VisualStudioVersion = 16.0.32413.511
MinimumVisualStudioVersion = 10.0.40219.1
Project("{8BC9CEB8-8B4A-11D0-8D11-00A0C91BC942}") = "Parking charges program", "Parking charges program.vcxproj", "{7317A6CE-EA91-4761-93F0-60E6F6FE1577}"
EndProject
Global
	GlobalSection(SolutionConfigurationPlatforms) = preSolution
		Debug|x64 = Debug|x64
		Debug|x86 = Debug|x86
		Release|x64 = Release|x64
		Release|x86 = Release|x86
	EndGlobalSection
	GlobalSection(ProjectConfigurationPlatforms) = postSolution
		{7317A6CE-EA91-4761-93F0-60E6F6FE1577}.Debug|x64.ActiveCfg = Debug|x64
		{7317A6CE-EA91-4761-93F0-60E6F6FE1577}.Debug|x64.Build.0 = Debug|x64
		{7317A6CE-EA91-4761-93F0-60E6F6FE1577}.Debug|x86.ActiveCfg = Debug|Win32
		{7317A6CE-EA91-4761-93F0-60E6F6FE1577}.Debug|x86.Build.0 = Debug|Win32
		{7317A6CE-EA91-4761-93F0-60E6F6FE1577}.Release|x64.ActiveCfg = Release|x64
		{7317A6CE-EA91-4761-93F0-60E6F6FE1577}.Release|x64.Build.0 = Release|x64
		{7317A6CE-EA91-4761-93F0-60E6F6FE1577}.Release|x86.ActiveCfg = Release|Win32
		{7317A6CE-EA91-4761-93F0-60E6F6FE1577}.Release|x86.Build.0 = Release|Win32
	EndGlobalSection
	GlobalSection(SolutionProperties) = preSolution
		HideSolutionNode = FALSE
	EndGlobalSection
	GlobalSection(ExtensibilityGlobals) = postSolution
		SolutionGuid = {EBEC8A05-D952-47FC-B5E1-E387C9E61A4F}
	EndGlobalSection
EndGlobal
